
Microsoft Visual Studio Solution File, Format Version 12.00
# Visual Studio Version 16
VisualStudioVersion = 16.0.31112.23
MinimumVisualStudioVersion = 10.0.40219.1
Project("{FAE04EC0-301F-11D3-BF4B-00C04F79EFBC}") = "Second Pactical Midterm Test", "Second Pactical Midterm Test\Second Pactical Midterm Test.csproj", "{37244B9E-4B05-4350-9123-81C53483F5ED}"
EndProject
Global
	GlobalSection(SolutionConfigurationPlatforms) = preSolution
		Debug|Any CPU = Debug|Any CPU
		Release|Any CPU = Release|Any CPU
	EndGlobalSection
	GlobalSection(ProjectConfigurationPlatforms) = postSolution
		{37244B9E-4B05-4350-9123-81C53483F5ED}.Debug|Any CPU.ActiveCfg = Debug|Any CPU
		{37244B9E-4B05-4350-9123-81C53483F5ED}.Debug|Any CPU.Build.0 = Debug|Any CPU
		{37244B9E-4B05-4350-9123-81C53483F5ED}.Release|Any CPU.ActiveCfg = Release|Any CPU
		{37244B9E-4B05-4350-9123-81C53483F5ED}.Release|Any CPU.Build.0 = Release|Any CPU
	EndGlobalSection
	GlobalSection(SolutionProperties) = preSolution
		HideSolutionNode = FALSE
	EndGlobalSection
	GlobalSection(ExtensibilityGlobals) = postSolution
		SolutionGuid = {6ED39D9B-414D-474D-A4FF-A3F5CE972F84}
	EndGlobalSection
EndGlobal
